
Microsoft Visual Studio Solution File, Format Version 12.00
# Visual Studio Version 16
VisualStudioVersion = 16.0.29326.143
MinimumVisualStudioVersion = 10.0.40219.1
Project("{FAE04EC0-301F-11D3-BF4B-00C04F79EFBC}") = "7_Enumerations", "7_Enumerations.csproj", "{F1972BAF-5212-425E-B271-E03E688E2520}"
EndProject
Global
	GlobalSection(SolutionConfigurationPlatforms) = preSolution
		Debug|Any CPU = Debug|Any CPU
		Release|Any CPU = Release|Any CPU
	EndGlobalSection
	GlobalSection(ProjectConfigurationPlatforms) = postSolution
		{F1972BAF-5212-425E-B271-E03E688E2520}.Debug|Any CPU.ActiveCfg = Debug|Any CPU
		{F1972BAF-5212-425E-B271-E03E688E2520}.Debug|Any CPU.Build.0 = Debug|Any CPU
		{F1972BAF-5212-425E-B271-E03E688E2520}.Release|Any CPU.ActiveCfg = Release|Any CPU
		{F1972BAF-5212-425E-B271-E03E688E2520}.Release|Any CPU.Build.0 = Release|Any CPU
	EndGlobalSection
	GlobalSection(SolutionProperties) = preSolution
		HideSolutionNode = FALSE
	EndGlobalSection
	GlobalSection(ExtensibilityGlobals) = postSolution
		SolutionGuid = {298A36CF-62A6-4AFF-981E-0C77C7CC73C7}
	EndGlobalSection
EndGlobal
