
Microsoft Visual Studio Solution File, Format Version 12.00
# Visual Studio Version 16
VisualStudioVersion = 16.0.29326.143
MinimumVisualStudioVersion = 10.0.40219.1
Project("{FAE04EC0-301F-11D3-BF4B-00C04F79EFBC}") = "5_Switch", "5_Switch.csproj", "{F5F1264D-FFB0-4759-9DDD-A0AD07E0A3C3}"
EndProject
Global
	GlobalSection(SolutionConfigurationPlatforms) = preSolution
		Debug|Any CPU = Debug|Any CPU
		Release|Any CPU = Release|Any CPU
	EndGlobalSection
	GlobalSection(ProjectConfigurationPlatforms) = postSolution
		{F5F1264D-FFB0-4759-9DDD-A0AD07E0A3C3}.Debug|Any CPU.ActiveCfg = Debug|Any CPU
		{F5F1264D-FFB0-4759-9DDD-A0AD07E0A3C3}.Debug|Any CPU.Build.0 = Debug|Any CPU
		{F5F1264D-FFB0-4759-9DDD-A0AD07E0A3C3}.Release|Any CPU.ActiveCfg = Release|Any CPU
		{F5F1264D-FFB0-4759-9DDD-A0AD07E0A3C3}.Release|Any CPU.Build.0 = Release|Any CPU
	EndGlobalSection
	GlobalSection(SolutionProperties) = preSolution
		HideSolutionNode = FALSE
	EndGlobalSection
	GlobalSection(ExtensibilityGlobals) = postSolution
		SolutionGuid = {BAD3D667-21DA-4E34-810E-AB1E0A70B1ED}
	EndGlobalSection
EndGlobal
