
Microsoft Visual Studio Solution File, Format Version 12.00
# Visual Studio Version 16
VisualStudioVersion = 16.0.29326.143
MinimumVisualStudioVersion = 10.0.40219.1
Project("{FAE04EC0-301F-11D3-BF4B-00C04F79EFBC}") = "2_SimpleWPF", "2_SimpleWPF.csproj", "{7D149F72-2D1D-4E5E-9A6F-3F239259B318}"
EndProject
Global
	GlobalSection(SolutionConfigurationPlatforms) = preSolution
		Debug|Any CPU = Debug|Any CPU
		Release|Any CPU = Release|Any CPU
	EndGlobalSection
	GlobalSection(ProjectConfigurationPlatforms) = postSolution
		{7D149F72-2D1D-4E5E-9A6F-3F239259B318}.Debug|Any CPU.ActiveCfg = Debug|Any CPU
		{7D149F72-2D1D-4E5E-9A6F-3F239259B318}.Debug|Any CPU.Build.0 = Debug|Any CPU
		{7D149F72-2D1D-4E5E-9A6F-3F239259B318}.Release|Any CPU.ActiveCfg = Release|Any CPU
		{7D149F72-2D1D-4E5E-9A6F-3F239259B318}.Release|Any CPU.Build.0 = Release|Any CPU
	EndGlobalSection
	GlobalSection(SolutionProperties) = preSolution
		HideSolutionNode = FALSE
	EndGlobalSection
	GlobalSection(ExtensibilityGlobals) = postSolution
		SolutionGuid = {90FDA8FE-D419-420B-BFC9-77B12E3E7564}
	EndGlobalSection
EndGlobal
