
Microsoft Visual Studio Solution File, Format Version 12.00
# Visual Studio Version 16
VisualStudioVersion = 16.0.29326.143
MinimumVisualStudioVersion = 10.0.40219.1
Project("{FAE04EC0-301F-11D3-BF4B-00C04F79EFBC}") = "1_ConsoleApp", "1_ConsoleApp.csproj", "{39D240AF-2237-4C6A-AE8B-260A92E7E971}"
EndProject
Global
	GlobalSection(SolutionConfigurationPlatforms) = preSolution
		Debug|Any CPU = Debug|Any CPU
		Release|Any CPU = Release|Any CPU
	EndGlobalSection
	GlobalSection(ProjectConfigurationPlatforms) = postSolution
		{39D240AF-2237-4C6A-AE8B-260A92E7E971}.Debug|Any CPU.ActiveCfg = Debug|Any CPU
		{39D240AF-2237-4C6A-AE8B-260A92E7E971}.Debug|Any CPU.Build.0 = Debug|Any CPU
		{39D240AF-2237-4C6A-AE8B-260A92E7E971}.Release|Any CPU.ActiveCfg = Release|Any CPU
		{39D240AF-2237-4C6A-AE8B-260A92E7E971}.Release|Any CPU.Build.0 = Release|Any CPU
	EndGlobalSection
	GlobalSection(SolutionProperties) = preSolution
		HideSolutionNode = FALSE
	EndGlobalSection
	GlobalSection(ExtensibilityGlobals) = postSolution
		SolutionGuid = {1104494D-060F-491E-98E9-028327B3D742}
	EndGlobalSection
EndGlobal
