
Microsoft Visual Studio Solution File, Format Version 12.00
# Visual Studio Version 16
VisualStudioVersion = 16.0.30204.135
MinimumVisualStudioVersion = 10.0.40219.1
Project("{FAE04EC0-301F-11D3-BF4B-00C04F79EFBC}") = "Basics1", "Basics1\Basics1.csproj", "{101754F1-45ED-4D03-9C1E-5ACF76B1A76D}"
EndProject
Global
	GlobalSection(SolutionConfigurationPlatforms) = preSolution
		Debug|Any CPU = Debug|Any CPU
		Release|Any CPU = Release|Any CPU
	EndGlobalSection
	GlobalSection(ProjectConfigurationPlatforms) = postSolution
		{101754F1-45ED-4D03-9C1E-5ACF76B1A76D}.Debug|Any CPU.ActiveCfg = Debug|Any CPU
		{101754F1-45ED-4D03-9C1E-5ACF76B1A76D}.Debug|Any CPU.Build.0 = Debug|Any CPU
		{101754F1-45ED-4D03-9C1E-5ACF76B1A76D}.Release|Any CPU.ActiveCfg = Release|Any CPU
		{101754F1-45ED-4D03-9C1E-5ACF76B1A76D}.Release|Any CPU.Build.0 = Release|Any CPU
	EndGlobalSection
	GlobalSection(SolutionProperties) = preSolution
		HideSolutionNode = FALSE
	EndGlobalSection
	GlobalSection(ExtensibilityGlobals) = postSolution
		SolutionGuid = {60DA271B-E416-43AA-9A7E-0DC670A60E72}
	EndGlobalSection
EndGlobal
