
Microsoft Visual Studio Solution File, Format Version 12.00
# Visual Studio Version 16
VisualStudioVersion = 16.0.30204.135
MinimumVisualStudioVersion = 10.0.40219.1
Project("{FAE04EC0-301F-11D3-BF4B-00C04F79EFBC}") = "NamespaceDemo", "NamespaceDemo\NamespaceDemo.csproj", "{7BB491E0-3D7C-4467-8833-F568DFB0CDBB}"
EndProject
Global
	GlobalSection(SolutionConfigurationPlatforms) = preSolution
		Debug|Any CPU = Debug|Any CPU
		Release|Any CPU = Release|Any CPU
	EndGlobalSection
	GlobalSection(ProjectConfigurationPlatforms) = postSolution
		{7BB491E0-3D7C-4467-8833-F568DFB0CDBB}.Debug|Any CPU.ActiveCfg = Debug|Any CPU
		{7BB491E0-3D7C-4467-8833-F568DFB0CDBB}.Debug|Any CPU.Build.0 = Debug|Any CPU
		{7BB491E0-3D7C-4467-8833-F568DFB0CDBB}.Release|Any CPU.ActiveCfg = Release|Any CPU
		{7BB491E0-3D7C-4467-8833-F568DFB0CDBB}.Release|Any CPU.Build.0 = Release|Any CPU
	EndGlobalSection
	GlobalSection(SolutionProperties) = preSolution
		HideSolutionNode = FALSE
	EndGlobalSection
	GlobalSection(ExtensibilityGlobals) = postSolution
		SolutionGuid = {3DC9CFE5-BFBB-4A65-B0E8-94BD4EB1A831}
	EndGlobalSection
EndGlobal
