
Microsoft Visual Studio Solution File, Format Version 12.00
# Visual Studio Version 16
VisualStudioVersion = 16.0.30204.135
MinimumVisualStudioVersion = 10.0.40219.1
Project("{FAE04EC0-301F-11D3-BF4B-00C04F79EFBC}") = "Celsius_to_Fahrenheit", "Celsius_to_Fahrenheit\Celsius_to_Fahrenheit.csproj", "{5A2B1367-D5A7-485A-94E6-FFBD74A2828E}"
EndProject
Global
	GlobalSection(SolutionConfigurationPlatforms) = preSolution
		Debug|Any CPU = Debug|Any CPU
		Release|Any CPU = Release|Any CPU
	EndGlobalSection
	GlobalSection(ProjectConfigurationPlatforms) = postSolution
		{5A2B1367-D5A7-485A-94E6-FFBD74A2828E}.Debug|Any CPU.ActiveCfg = Debug|Any CPU
		{5A2B1367-D5A7-485A-94E6-FFBD74A2828E}.Debug|Any CPU.Build.0 = Debug|Any CPU
		{5A2B1367-D5A7-485A-94E6-FFBD74A2828E}.Release|Any CPU.ActiveCfg = Release|Any CPU
		{5A2B1367-D5A7-485A-94E6-FFBD74A2828E}.Release|Any CPU.Build.0 = Release|Any CPU
	EndGlobalSection
	GlobalSection(SolutionProperties) = preSolution
		HideSolutionNode = FALSE
	EndGlobalSection
	GlobalSection(ExtensibilityGlobals) = postSolution
		SolutionGuid = {2E7D4914-E548-4C25-B70C-4AB292E49F7D}
	EndGlobalSection
EndGlobal
