
Microsoft Visual Studio Solution File, Format Version 12.00
# Visual Studio Version 16
VisualStudioVersion = 16.0.29326.143
MinimumVisualStudioVersion = 10.0.40219.1
Project("{FAE04EC0-301F-11D3-BF4B-00C04F79EFBC}") = "16_Debug", "16_Debug.csproj", "{6015DDFE-CEED-4857-BA3D-8CB87F48491F}"
EndProject
Global
	GlobalSection(SolutionConfigurationPlatforms) = preSolution
		Debug|Any CPU = Debug|Any CPU
		Release|Any CPU = Release|Any CPU
	EndGlobalSection
	GlobalSection(ProjectConfigurationPlatforms) = postSolution
		{6015DDFE-CEED-4857-BA3D-8CB87F48491F}.Debug|Any CPU.ActiveCfg = Debug|Any CPU
		{6015DDFE-CEED-4857-BA3D-8CB87F48491F}.Debug|Any CPU.Build.0 = Debug|Any CPU
		{6015DDFE-CEED-4857-BA3D-8CB87F48491F}.Release|Any CPU.ActiveCfg = Release|Any CPU
		{6015DDFE-CEED-4857-BA3D-8CB87F48491F}.Release|Any CPU.Build.0 = Release|Any CPU
	EndGlobalSection
	GlobalSection(SolutionProperties) = preSolution
		HideSolutionNode = FALSE
	EndGlobalSection
	GlobalSection(ExtensibilityGlobals) = postSolution
		SolutionGuid = {A6907368-AD71-4595-A47B-2007B0AFB880}
	EndGlobalSection
EndGlobal
