
Microsoft Visual Studio Solution File, Format Version 12.00
# Visual Studio Version 16
VisualStudioVersion = 16.0.29326.143
MinimumVisualStudioVersion = 10.0.40219.1
Project("{FAE04EC0-301F-11D3-BF4B-00C04F79EFBC}") = "13_Functions_ParameterArrays", "13_Functions_ParameterArrays.csproj", "{CADE9EFA-5285-4AC3-83DC-0F1633DC4492}"
EndProject
Global
	GlobalSection(SolutionConfigurationPlatforms) = preSolution
		Debug|Any CPU = Debug|Any CPU
		Release|Any CPU = Release|Any CPU
	EndGlobalSection
	GlobalSection(ProjectConfigurationPlatforms) = postSolution
		{CADE9EFA-5285-4AC3-83DC-0F1633DC4492}.Debug|Any CPU.ActiveCfg = Debug|Any CPU
		{CADE9EFA-5285-4AC3-83DC-0F1633DC4492}.Debug|Any CPU.Build.0 = Debug|Any CPU
		{CADE9EFA-5285-4AC3-83DC-0F1633DC4492}.Release|Any CPU.ActiveCfg = Release|Any CPU
		{CADE9EFA-5285-4AC3-83DC-0F1633DC4492}.Release|Any CPU.Build.0 = Release|Any CPU
	EndGlobalSection
	GlobalSection(SolutionProperties) = preSolution
		HideSolutionNode = FALSE
	EndGlobalSection
	GlobalSection(ExtensibilityGlobals) = postSolution
		SolutionGuid = {8906B121-6ACB-46D1-BE19-C80442C3A75E}
	EndGlobalSection
EndGlobal
