
Microsoft Visual Studio Solution File, Format Version 12.00
# Visual Studio Version 16
VisualStudioVersion = 16.0.30204.135
MinimumVisualStudioVersion = 10.0.40219.1
Project("{FAE04EC0-301F-11D3-BF4B-00C04F79EFBC}") = "BankAccount", "BankAccount\BankAccount.csproj", "{0C4A175F-9F42-414C-A576-01EE3289950C}"
EndProject
Global
	GlobalSection(SolutionConfigurationPlatforms) = preSolution
		Debug|Any CPU = Debug|Any CPU
		Release|Any CPU = Release|Any CPU
	EndGlobalSection
	GlobalSection(ProjectConfigurationPlatforms) = postSolution
		{0C4A175F-9F42-414C-A576-01EE3289950C}.Debug|Any CPU.ActiveCfg = Debug|Any CPU
		{0C4A175F-9F42-414C-A576-01EE3289950C}.Debug|Any CPU.Build.0 = Debug|Any CPU
		{0C4A175F-9F42-414C-A576-01EE3289950C}.Release|Any CPU.ActiveCfg = Release|Any CPU
		{0C4A175F-9F42-414C-A576-01EE3289950C}.Release|Any CPU.Build.0 = Release|Any CPU
	EndGlobalSection
	GlobalSection(SolutionProperties) = preSolution
		HideSolutionNode = FALSE
	EndGlobalSection
	GlobalSection(ExtensibilityGlobals) = postSolution
		SolutionGuid = {9F6EC536-8267-42A5-B821-187761275336}
	EndGlobalSection
EndGlobal
